
Microsoft Visual Studio Solution File, Format Version 12.00
# Visual Studio Version 17
VisualStudioVersion = 17.13.35919.96 d17.13
MinimumVisualStudioVersion = 10.0.40219.1
Project("{FAE04EC0-301F-11D3-BF4B-00C04F79EFBC}") = "WebApiRetriever", "WebApiRetriever\WebApiRetriever.csproj", "{64454D13-D003-4A4D-B300-A987905AD2D7}"
EndProject
Global
	GlobalSection(SolutionConfigurationPlatforms) = preSolution
		Debug|Any CPU = Debug|Any CPU
		Release|Any CPU = Release|Any CPU
	EndGlobalSection
	GlobalSection(ProjectConfigurationPlatforms) = postSolution
		{64454D13-D003-4A4D-B300-A987905AD2D7}.Debug|Any CPU.ActiveCfg = Debug|Any CPU
		{64454D13-D003-4A4D-B300-A987905AD2D7}.Debug|Any CPU.Build.0 = Debug|Any CPU
		{64454D13-D003-4A4D-B300-A987905AD2D7}.Release|Any CPU.ActiveCfg = Release|Any CPU
		{64454D13-D003-4A4D-B300-A987905AD2D7}.Release|Any CPU.Build.0 = Release|Any CPU
	EndGlobalSection
	GlobalSection(SolutionProperties) = preSolution
		HideSolutionNode = FALSE
	EndGlobalSection
	GlobalSection(ExtensibilityGlobals) = postSolution
		SolutionGuid = {7E6E832C-B4FD-49A9-A282-23062EFFE763}
	EndGlobalSection
EndGlobal
